// !$*UTF8*$!
{
	archiveVersion = 1;
	classes = {
	};
	objectVersion = 46;
	objects = {

/* Begin PBXBuildFile section */
		0A03B85A1E0567FF00C823C5 /* main.m in Sources */ = {isa = PBXBuildFile; fileRef = 0A03B8591E0567FF00C823C5 /* main.m */; };
		0A03B8611E05684900C823C5 /* Regular.m in Sources */ = {isa = PBXBuildFile; fileRef = 0A03B8601E05684900C823C5 /* Regular.m */; };
/* End PBXBuildFile section */

/* Begin PBXCopyFilesBuildPhase section */
		0A03B8541E0567FF00C823C5 /* CopyFiles */ = {
			isa = PBXCopyFilesBuildPhase;
			buildActionMask = 2147483647;
			dstPath = /usr/share/man/man1/;
			dstSubfolderSpec = 0;
			files = (
			);
			runOnlyForDeploymentPostprocessing = 1;
		};
/* End PBXCopyFilesBuildPhase section */

/* Begin PBXFileReference section */
		0A03B8561E0567FF00C823C5 /* Regularexp */ = {isa = PBXFileReference; explicitFileType = "compiled.mach-o.executable"; includeInIndex = 0; path = Regularexp; sourceTree = BUILT_PRODUCTS_DIR; };
		0A03B8591E0567FF00C823C5 /* main.m */ = {isa = PBXFileReference; lastKnownFileType = sourcecode.c.objc; path = main.m; sourceTree = "<group>"; };
		0A03B8601E05684900C823C5 /* Regular.m */ = {isa = PBXFileReference; fileEncoding = 4; lastKnownFileType = sourcecode.c.objc; path = Regular.m; sourceTree = "<group>"; };
		0A03B8621E05685800C823C5 /* Regular.h */ = {isa = PBXFileReference; lastKnownFileType = sourcecode.c.h; path = Regular.h; sourceTree = "<group>"; };
/* End PBXFileReference section */

/* Begin PBXFrameworksBuildPhase section */
		0A03B8531E0567FF00C823C5 /* Frameworks */ = {
			isa = PBXFrameworksBuildPhase;
			buildActionMask = 2147483647;
			files = (
			);
			runOnlyForDeploymentPostprocessing = 0;
		};
/* End PBXFrameworksBuildPhase section */

/* Begin PBXGroup section */
		0A03B84D1E0567FF00C823C5 = {
			isa = PBXGroup;
			children = (
				0A03B8581E0567FF00C823C5 /* Regularexp */,
				0A03B8571E0567FF00C823C5 /* Products */,
			);
			sourceTree = "<group>";
		};
		0A03B8571E0567FF00C823C5 /* Products */ = {
			isa = PBXGroup;
			children = (
				0A03B8561E0567FF00C823C5 /* Regularexp */,
			);
			name = Products;
			sourceTree = "<group>";
		};
		0A03B8581E0567FF00C823C5 /* Regularexp */ = {
			isa = PBXGroup;
			children = (
				0A03B8591E0567FF00C823C5 /* main.m */,
				0A03B8621E05685800C823C5 /* Regular.h */,
				0A03B8601E05684900C823C5 /* Regular.m */,
			);
			path = Regularexp;
			sourceTree = "<group>";
		};
/* End PBXGroup section */

/* Begin PBXNativeTarget section */
		0A03B8551E0567FF00C823C5 /* Regularexp */ = {
			isa = PBXNativeTarget;
			buildConfigurationList = 0A03B85D1E0567FF00C823C5 /* Build configuration list for PBXNativeTarget "Regularexp" */;
			buildPhases = (
				0A03B8521E0567FF00C823C5 /* Sources */,
				0A03B8531E0567FF00C823C5 /* Frameworks */,
				0A03B8541E0567FF00C823C5 /* CopyFiles */,
			);
			buildRules = (
			);
			dependencies = (
			);
			name = Regularexp;
			productName = Regularexp;
			productReference = 0A03B8561E0567FF00C823C5 /* Regularexp */;
			productType = "com.apple.product-type.tool";
		};
/* End PBXNativeTarget section */

/* Begin PBXProject section */
		0A03B84E1E0567FF00C823C5 /* Project object */ = {
			isa = PBXProject;
			attributes = {
				LastUpgradeCheck = 0810;
				ORGANIZATIONNAME = "BridgeLabz Solutions LLP";
				TargetAttributes = {
					0A03B8551E0567FF00C823C5 = {
						CreatedOnToolsVersion = 8.1;
						ProvisioningStyle = Automatic;
					};
				};
			};
			buildConfigurationList = 0A03B8511E0567FF00C823C5 /* Build configuration list for PBXProject "Regularexp" */;
			compatibilityVersion = "Xcode 3.2";
			developmentRegion = English;
			hasScannedForEncodings = 0;
			knownRegions = (
				en,
			);
			mainGroup = 0A03B84D1E0567FF00C823C5;
			productRefGroup = 0A03B8571E0567FF00C823C5 /* Products */;
			projectDirPath = "";
			projectRoot = "";
			targets = (
				0A03B8551E0567FF00C823C5 /* Regularexp */,
			);
		};
/* End PBXProject section */

/* Begin PBXSourcesBuildPhase section */
		0A03B8521E0567FF00C823C5 /* Sources */ = {
			isa = PBXSourcesBuildPhase;
			buildActionMask = 2147483647;
			files = (
				0A03B8611E05684900C823C5 /* Regular.m in Sources */,
				0A03B85A1E0567FF00C823C5 /* main.m in Sources */,
			);
			runOnlyForDeploymentPostprocessing = 0;
		};
/* End PBXSourcesBuildPhase section */

/* Begin XCBuildConfiguration section */
		0A03B85B1E0567FF00C823C5 /* Debug */ = {
			isa = XCBuildConfiguration;
			buildSettings = {
				ALWAYS_SEARCH_USER_PATHS = NO;
				CLANG_ANALYZER_NONNULL = YES;
				CLANG_CXX_LANGUAGE_STANDARD = "gnu++0x";
				CLANG_CXX_LIBRARY = "libc++";
				CLANG_ENABLE_MODULES = YES;
				CLANG_ENABLE_OBJC_ARC = YES;
				CLANG_WARN_BOOL_CONVERSION = YES;
				CLANG_WARN_CONSTANT_CONVERSION = YES;
				CLANG_WARN_DIRECT_OBJC_ISA_USAGE = YES_ERROR;
				CLANG_WARN_DOCUMENTATION_COMMENTS = YES;
				CLANG_WARN_EMPTY_BODY = YES;
				CLANG_WARN_ENUM_CONVERSION = YES;
				CLANG_WARN_INFINITE_RECURSION = YES;
				CLANG_WARN_INT_CONVERSION = YES;
				CLANG_WARN_OBJC_ROOT_CLASS = YES_ERROR;
				CLANG_WARN_SUSPICIOUS_MOVES = YES;
				CLANG_WARN_UNREACHABLE_CODE = YES;
				CLANG_WARN__DUPLICATE_METHOD_MATCH = YES;
				CODE_SIGN_IDENTITY = "-";
				COPY_PHASE_STRIP = NO;
				DEBUG_INFORMATION_FORMAT = dwarf;
				ENABLE_STRICT_OBJC_MSGSEND = YES;
				ENABLE_TESTABILITY = YES;
				GCC_C_LANGUAGE_STANDARD = gnu99;
				GCC_DYNAMIC_NO_PIC = NO;
				GCC_NO_COMMON_BLOCKS = YES;
				GCC_OPTIMIZATION_LEVEL = 0;
				GCC_PREPROCESSOR_DEFINITIONS = (
					"DEBUG=1",
					"$(inherited)",
				);
				GCC_WARN_64_TO_32_BIT_CONVERSION = YES;
				GCC_WARN_ABOUT_RETURN_TYPE = YES_ERROR;
				GCC_WARN_UNDECLARED_SELECTOR = YES;
				GCC_WARN_UNINITIALIZED_AUTOS = YES_AGGRESSIVE;
				GCC_WARN_UNUSED_FUNCTION = YES;
				GCC_WARN_UNUSED_VARIABLE = YES;
				MACOSX_DEPLOYMENT_TARGET = 10.11;
				MTL_ENABLE_DEBUG_INFO = YES;
				ONLY_ACTIVE_ARCH = YES;
				SDKROOT = macosx;
			};
			name = Debug;
		};
		0A03B85C1E0567FF00C823C5 /* Release */ = {
			isa = XCBuildConfiguration;
			buildSettings = {
				ALWAYS_SEARCH_USER_PATHS = NO;
				CLANG_ANALYZER_NONNULL = YES;
				CLANG_CXX_LANGUAGE_STANDARD = "gnu++0x";
				CLANG_CXX_LIBRARY = "libc++";
				CLANG_ENABLE_MODULES = YES;
				CLANG_ENABLE_OBJC_ARC = YES;
				CLANG_WARN_BOOL_CONVERSION = YES;
				CLANG_WARN_CONSTANT_CONVERSION = YES;
				CLANG_WARN_DIRECT_OBJC_ISA_USAGE = YES_ERROR;
				CLANG_WARN_DOCUMENTATION_COMMENTS = YES;
				CLANG_WARN_EMPTY_BODY = YES;
				CLANG_WARN_ENUM_CONVERSION = YES;
				CLANG_WARN_INFINITE_RECURSION = YES;
				CLANG_WARN_INT_CONVERSION = YES;
				CLANG_WARN_OBJC_ROOT_CLASS = YES_ERROR;
				CLANG_WARN_SUSPICIOUS_MOVES = YES;
				CLANG_WARN_UNREACHABLE_CODE = YES;
				CLANG_WARN__DUPLICATE_METHOD_MATCH = YES;
				CODE_SIGN_IDENTITY = "-";
				COPY_PHASE_STRIP = NO;
				DEBUG_INFORMATION_FORMAT = "dwarf-with-dsym";
				ENABLE_NS_ASSERTIONS = NO;
				ENABLE_STRICT_OBJC_MSGSEND = YES;
				GCC_C_LANGUAGE_STANDARD = gnu99;
				GCC_NO_COMMON_BLOCKS = YES;
				GCC_WARN_64_TO_32_BIT_CONVERSION = YES;
				GCC_WARN_ABOUT_RETURN_TYPE = YES_ERROR;
				GCC_WARN_UNDECLARED_SELECTOR = YES;
				GCC_WARN_UNINITIALIZED_AUTOS = YES_AGGRESSIVE;
				GCC_WARN_UNUSED_FUNCTION = YES;
				GCC_WARN_UNUSED_VARIABLE = YES;
				MACOSX_DEPLOYMENT_TARGET = 10.11;
				MTL_ENABLE_DEBUG_INFO = NO;
				SDKROOT = macosx;
			};
			name = Release;
		};
		0A03B85E1E0567FF00C823C5 /* Debug */ = {
			isa = XCBuildConfiguration;
			buildSettings = {
				PRODUCT_NAME = "$(TARGET_NAME)";
			};
			name = Debug;
		};
		0A03B85F1E0567FF00C823C5 /* Release */ = {
			isa = XCBuildConfiguration;
			buildSettings = {
				PRODUCT_NAME = "$(TARGET_NAME)";
			};
			name = Release;
		};
/* End XCBuildConfiguration section */

/* Begin XCConfigurationList section */
		0A03B8511E0567FF00C823C5 /* Build configuration list for PBXProject "Regularexp" */ = {
			isa = XCConfigurationList;
			buildConfigurations = (
				0A03B85B1E0567FF00C823C5 /* Debug */,
				0A03B85C1E0567FF00C823C5 /* Release */,
			);
			defaultConfigurationIsVisible = 0;
			defaultConfigurationName = Release;
		};
		0A03B85D1E0567FF00C823C5 /* Build configuration list for PBXNativeTarget "Regularexp" */ = {
			isa = XCConfigurationList;
			buildConfigurations = (
				0A03B85E1E0567FF00C823C5 /* Debug */,
				0A03B85F1E0567FF00C823C5 /* Release */,
			);
			defaultConfigurationIsVisible = 0;
		};
/* End XCConfigurationList section */
	};
	rootObject = 0A03B84E1E0567FF00C823C5 /* Project object */;
}
