// !$*UTF8*$!
{
	archiveVersion = 1;
	classes = {
	};
	objectVersion = 46;
	objects = {

/* Begin PBXBuildFile section */
		0A8DD0C41E52BAFE002AAF48 /* main.m in Sources */ = {isa = PBXBuildFile; fileRef = 0A8DD0C31E52BAFE002AAF48 /* main.m */; };
		0A8DD0CC1E52BB3D002AAF48 /* ordered.m in Sources */ = {isa = PBXBuildFile; fileRef = 0A8DD0CB1E52BB3D002AAF48 /* ordered.m */; };
/* End PBXBuildFile section */

/* Begin PBXCopyFilesBuildPhase section */
		0A8DD0BE1E52BAFE002AAF48 /* CopyFiles */ = {
			isa = PBXCopyFilesBuildPhase;
			buildActionMask = 2147483647;
			dstPath = /usr/share/man/man1/;
			dstSubfolderSpec = 0;
			files = (
			);
			runOnlyForDeploymentPostprocessing = 1;
		};
/* End PBXCopyFilesBuildPhase section */

/* Begin PBXFileReference section */
		0A8DD0C01E52BAFE002AAF48 /* Ordered */ = {isa = PBXFileReference; explicitFileType = "compiled.mach-o.executable"; includeInIndex = 0; path = Ordered; sourceTree = BUILT_PRODUCTS_DIR; };
		0A8DD0C31E52BAFE002AAF48 /* main.m */ = {isa = PBXFileReference; lastKnownFileType = sourcecode.c.objc; path = main.m; sourceTree = "<group>"; };
		0A8DD0CA1E52BB2A002AAF48 /* ordered.h */ = {isa = PBXFileReference; lastKnownFileType = sourcecode.c.h; path = ordered.h; sourceTree = "<group>"; };
		0A8DD0CB1E52BB3D002AAF48 /* ordered.m */ = {isa = PBXFileReference; fileEncoding = 4; lastKnownFileType = sourcecode.c.objc; path = ordered.m; sourceTree = "<group>"; };
		0A8DD0CD1E52BBC4002AAF48 /* File */ = {isa = PBXFileReference; fileEncoding = 4; lastKnownFileType = text; path = File; sourceTree = "<group>"; };
/* End PBXFileReference section */

/* Begin PBXFrameworksBuildPhase section */
		0A8DD0BD1E52BAFE002AAF48 /* Frameworks */ = {
			isa = PBXFrameworksBuildPhase;
			buildActionMask = 2147483647;
			files = (
			);
			runOnlyForDeploymentPostprocessing = 0;
		};
/* End PBXFrameworksBuildPhase section */

/* Begin PBXGroup section */
		0A8DD0B71E52BAFE002AAF48 = {
			isa = PBXGroup;
			children = (
				0A8DD0C21E52BAFE002AAF48 /* Ordered */,
				0A8DD0C11E52BAFE002AAF48 /* Products */,
			);
			sourceTree = "<group>";
		};
		0A8DD0C11E52BAFE002AAF48 /* Products */ = {
			isa = PBXGroup;
			children = (
				0A8DD0C01E52BAFE002AAF48 /* Ordered */,
			);
			name = Products;
			sourceTree = "<group>";
		};
		0A8DD0C21E52BAFE002AAF48 /* Ordered */ = {
			isa = PBXGroup;
			children = (
				0A8DD0C31E52BAFE002AAF48 /* main.m */,
				0A8DD0CA1E52BB2A002AAF48 /* ordered.h */,
				0A8DD0CB1E52BB3D002AAF48 /* ordered.m */,
				0A8DD0CD1E52BBC4002AAF48 /* File */,
			);
			path = Ordered;
			sourceTree = "<group>";
		};
/* End PBXGroup section */

/* Begin PBXNativeTarget section */
		0A8DD0BF1E52BAFE002AAF48 /* Ordered */ = {
			isa = PBXNativeTarget;
			buildConfigurationList = 0A8DD0C71E52BAFE002AAF48 /* Build configuration list for PBXNativeTarget "Ordered" */;
			buildPhases = (
				0A8DD0BC1E52BAFE002AAF48 /* Sources */,
				0A8DD0BD1E52BAFE002AAF48 /* Frameworks */,
				0A8DD0BE1E52BAFE002AAF48 /* CopyFiles */,
			);
			buildRules = (
			);
			dependencies = (
			);
			name = Ordered;
			productName = Ordered;
			productReference = 0A8DD0C01E52BAFE002AAF48 /* Ordered */;
			productType = "com.apple.product-type.tool";
		};
/* End PBXNativeTarget section */

/* Begin PBXProject section */
		0A8DD0B81E52BAFE002AAF48 /* Project object */ = {
			isa = PBXProject;
			attributes = {
				LastUpgradeCheck = 0810;
				ORGANIZATIONNAME = "BridgeLabz Solutions LLP ";
				TargetAttributes = {
					0A8DD0BF1E52BAFE002AAF48 = {
						CreatedOnToolsVersion = 8.1;
						ProvisioningStyle = Automatic;
					};
				};
			};
			buildConfigurationList = 0A8DD0BB1E52BAFE002AAF48 /* Build configuration list for PBXProject "Ordered" */;
			compatibilityVersion = "Xcode 3.2";
			developmentRegion = English;
			hasScannedForEncodings = 0;
			knownRegions = (
				en,
			);
			mainGroup = 0A8DD0B71E52BAFE002AAF48;
			productRefGroup = 0A8DD0C11E52BAFE002AAF48 /* Products */;
			projectDirPath = "";
			projectRoot = "";
			targets = (
				0A8DD0BF1E52BAFE002AAF48 /* Ordered */,
			);
		};
/* End PBXProject section */

/* Begin PBXSourcesBuildPhase section */
		0A8DD0BC1E52BAFE002AAF48 /* Sources */ = {
			isa = PBXSourcesBuildPhase;
			buildActionMask = 2147483647;
			files = (
				0A8DD0C41E52BAFE002AAF48 /* main.m in Sources */,
				0A8DD0CC1E52BB3D002AAF48 /* ordered.m in Sources */,
			);
			runOnlyForDeploymentPostprocessing = 0;
		};
/* End PBXSourcesBuildPhase section */

/* Begin XCBuildConfiguration section */
		0A8DD0C51E52BAFE002AAF48 /* Debug */ = {
			isa = XCBuildConfiguration;
			buildSettings = {
				ALWAYS_SEARCH_USER_PATHS = NO;
				CLANG_ANALYZER_NONNULL = YES;
				CLANG_CXX_LANGUAGE_STANDARD = "gnu++0x";
				CLANG_CXX_LIBRARY = "libc++";
				CLANG_ENABLE_MODULES = YES;
				CLANG_ENABLE_OBJC_ARC = YES;
				CLANG_WARN_BOOL_CONVERSION = YES;
				CLANG_WARN_CONSTANT_CONVERSION = YES;
				CLANG_WARN_DIRECT_OBJC_ISA_USAGE = YES_ERROR;
				CLANG_WARN_DOCUMENTATION_COMMENTS = YES;
				CLANG_WARN_EMPTY_BODY = YES;
				CLANG_WARN_ENUM_CONVERSION = YES;
				CLANG_WARN_INFINITE_RECURSION = YES;
				CLANG_WARN_INT_CONVERSION = YES;
				CLANG_WARN_OBJC_ROOT_CLASS = YES_ERROR;
				CLANG_WARN_SUSPICIOUS_MOVES = YES;
				CLANG_WARN_UNREACHABLE_CODE = YES;
				CLANG_WARN__DUPLICATE_METHOD_MATCH = YES;
				CODE_SIGN_IDENTITY = "-";
				COPY_PHASE_STRIP = NO;
				DEBUG_INFORMATION_FORMAT = dwarf;
				ENABLE_STRICT_OBJC_MSGSEND = YES;
				ENABLE_TESTABILITY = YES;
				GCC_C_LANGUAGE_STANDARD = gnu99;
				GCC_DYNAMIC_NO_PIC = NO;
				GCC_NO_COMMON_BLOCKS = YES;
				GCC_OPTIMIZATION_LEVEL = 0;
				GCC_PREPROCESSOR_DEFINITIONS = (
					"DEBUG=1",
					"$(inherited)",
				);
				GCC_WARN_64_TO_32_BIT_CONVERSION = YES;
				GCC_WARN_ABOUT_RETURN_TYPE = YES_ERROR;
				GCC_WARN_UNDECLARED_SELECTOR = YES;
				GCC_WARN_UNINITIALIZED_AUTOS = YES_AGGRESSIVE;
				GCC_WARN_UNUSED_FUNCTION = YES;
				GCC_WARN_UNUSED_VARIABLE = YES;
				MACOSX_DEPLOYMENT_TARGET = 10.11;
				MTL_ENABLE_DEBUG_INFO = YES;
				ONLY_ACTIVE_ARCH = YES;
				SDKROOT = macosx;
			};
			name = Debug;
		};
		0A8DD0C61E52BAFE002AAF48 /* Release */ = {
			isa = XCBuildConfiguration;
			buildSettings = {
				ALWAYS_SEARCH_USER_PATHS = NO;
				CLANG_ANALYZER_NONNULL = YES;
				CLANG_CXX_LANGUAGE_STANDARD = "gnu++0x";
				CLANG_CXX_LIBRARY = "libc++";
				CLANG_ENABLE_MODULES = YES;
				CLANG_ENABLE_OBJC_ARC = YES;
				CLANG_WARN_BOOL_CONVERSION = YES;
				CLANG_WARN_CONSTANT_CONVERSION = YES;
				CLANG_WARN_DIRECT_OBJC_ISA_USAGE = YES_ERROR;
				CLANG_WARN_DOCUMENTATION_COMMENTS = YES;
				CLANG_WARN_EMPTY_BODY = YES;
				CLANG_WARN_ENUM_CONVERSION = YES;
				CLANG_WARN_INFINITE_RECURSION = YES;
				CLANG_WARN_INT_CONVERSION = YES;
				CLANG_WARN_OBJC_ROOT_CLASS = YES_ERROR;
				CLANG_WARN_SUSPICIOUS_MOVES = YES;
				CLANG_WARN_UNREACHABLE_CODE = YES;
				CLANG_WARN__DUPLICATE_METHOD_MATCH = YES;
				CODE_SIGN_IDENTITY = "-";
				COPY_PHASE_STRIP = NO;
				DEBUG_INFORMATION_FORMAT = "dwarf-with-dsym";
				ENABLE_NS_ASSERTIONS = NO;
				ENABLE_STRICT_OBJC_MSGSEND = YES;
				GCC_C_LANGUAGE_STANDARD = gnu99;
				GCC_NO_COMMON_BLOCKS = YES;
				GCC_WARN_64_TO_32_BIT_CONVERSION = YES;
				GCC_WARN_ABOUT_RETURN_TYPE = YES_ERROR;
				GCC_WARN_UNDECLARED_SELECTOR = YES;
				GCC_WARN_UNINITIALIZED_AUTOS = YES_AGGRESSIVE;
				GCC_WARN_UNUSED_FUNCTION = YES;
				GCC_WARN_UNUSED_VARIABLE = YES;
				MACOSX_DEPLOYMENT_TARGET = 10.11;
				MTL_ENABLE_DEBUG_INFO = NO;
				SDKROOT = macosx;
			};
			name = Release;
		};
		0A8DD0C81E52BAFE002AAF48 /* Debug */ = {
			isa = XCBuildConfiguration;
			buildSettings = {
				PRODUCT_NAME = "$(TARGET_NAME)";
			};
			name = Debug;
		};
		0A8DD0C91E52BAFE002AAF48 /* Release */ = {
			isa = XCBuildConfiguration;
			buildSettings = {
				PRODUCT_NAME = "$(TARGET_NAME)";
			};
			name = Release;
		};
/* End XCBuildConfiguration section */

/* Begin XCConfigurationList section */
		0A8DD0BB1E52BAFE002AAF48 /* Build configuration list for PBXProject "Ordered" */ = {
			isa = XCConfigurationList;
			buildConfigurations = (
				0A8DD0C51E52BAFE002AAF48 /* Debug */,
				0A8DD0C61E52BAFE002AAF48 /* Release */,
			);
			defaultConfigurationIsVisible = 0;
			defaultConfigurationName = Release;
		};
		0A8DD0C71E52BAFE002AAF48 /* Build configuration list for PBXNativeTarget "Ordered" */ = {
			isa = XCConfigurationList;
			buildConfigurations = (
				0A8DD0C81E52BAFE002AAF48 /* Debug */,
				0A8DD0C91E52BAFE002AAF48 /* Release */,
			);
			defaultConfigurationIsVisible = 0;
		};
/* End XCConfigurationList section */
	};
	rootObject = 0A8DD0B81E52BAFE002AAF48 /* Project object */;
}
